// !$*UTF8*$!
{
	archiveVersion = 1;
	classes = {
	};
	objectVersion = 55;
	objects = {

/* Begin PBXBuildFile section */
		04359BDA27B1FC0E00CD9C1E /* AppDelegate.m in Sources */ = {isa = PBXBuildFile; fileRef = 04359BD927B1FC0E00CD9C1E /* AppDelegate.m */; };
		04359BE027B1FC0E00CD9C1E /* ATViewController.m in Sources */ = {isa = PBXBuildFile; fileRef = 04359BDF27B1FC0E00CD9C1E /* ATViewController.m */; };
		04359BE327B1FC0E00CD9C1E /* Main.storyboard in Resources */ = {isa = PBXBuildFile; fileRef = 04359BE127B1FC0E00CD9C1E /* Main.storyboard */; };
		04359BE527B1FC0F00CD9C1E /* Assets.xcassets in Resources */ = {isa = PBXBuildFile; fileRef = 04359BE427B1FC0F00CD9C1E /* Assets.xcassets */; };
		04359BE827B1FC0F00CD9C1E /* LaunchScreen.storyboard in Resources */ = {isa = PBXBuildFile; fileRef = 04359BE627B1FC0F00CD9C1E /* LaunchScreen.storyboard */; };
		04359BEB27B1FC0F00CD9C1E /* main.m in Sources */ = {isa = PBXBuildFile; fileRef = 04359BEA27B1FC0F00CD9C1E /* main.m */; };
		0438F9BE27B2138A00948CEC /* BaseViewController.m in Sources */ = {isa = PBXBuildFile; fileRef = 0438F9BD27B2138A00948CEC /* BaseViewController.m */; };
		0438F9FC27B2142E00948CEC /* WarpPerspectiveViewController.m in Sources */ = {isa = PBXBuildFile; fileRef = 0438F9C227B2142D00948CEC /* WarpPerspectiveViewController.m */; };
		0438F9FD27B2142E00948CEC /* TiledViewController.m in Sources */ = {isa = PBXBuildFile; fileRef = 0438F9C527B2142D00948CEC /* TiledViewController.m */; };
		0438F9FE27B2142E00948CEC /* Inpaint.jpg in Resources */ = {isa = PBXBuildFile; fileRef = 0438F9C827B2142D00948CEC /* Inpaint.jpg */; };
		0438F9FF27B2142E00948CEC /* InpaintViewController.m in Sources */ = {isa = PBXBuildFile; fileRef = 0438F9CB27B2142D00948CEC /* InpaintViewController.m */; };
		0438FA0027B2142E00948CEC /* ChangeColorViewController.m in Sources */ = {isa = PBXBuildFile; fileRef = 0438F9CE27B2142D00948CEC /* ChangeColorViewController.m */; };
		0438FA0127B2142E00948CEC /* ImageBlend.png in Resources */ = {isa = PBXBuildFile; fileRef = 0438F9D127B2142D00948CEC /* ImageBlend.png */; };
		0438FA0227B2142E00948CEC /* ImageBlendViewController.m in Sources */ = {isa = PBXBuildFile; fileRef = 0438F9D427B2142D00948CEC /* ImageBlendViewController.m */; };
		0438FA0327B2142E00948CEC /* Hough.png in Resources */ = {isa = PBXBuildFile; fileRef = 0438F9D727B2142D00948CEC /* Hough.png */; };
		0438FA0427B2142E00948CEC /* HoughViewController.m in Sources */ = {isa = PBXBuildFile; fileRef = 0438F9DA27B2142D00948CEC /* HoughViewController.m */; };
		0438FA0527B2142E00948CEC /* Blur.jpg in Resources */ = {isa = PBXBuildFile; fileRef = 0438F9DD27B2142D00948CEC /* Blur.jpg */; };
		0438FA0627B2142E00948CEC /* BlurViewController.m in Sources */ = {isa = PBXBuildFile; fileRef = 0438F9E027B2142D00948CEC /* BlurViewController.m */; };
		0438FA0727B2142E00948CEC /* LuminanceViewController.m in Sources */ = {isa = PBXBuildFile; fileRef = 0438F9E327B2142D00948CEC /* LuminanceViewController.m */; };
		0438FA0827B2142E00948CEC /* Morphology.png in Resources */ = {isa = PBXBuildFile; fileRef = 0438F9E627B2142D00948CEC /* Morphology.png */; };
		0438FA0927B2142E00948CEC /* MorphologyViewController.m in Sources */ = {isa = PBXBuildFile; fileRef = 0438F9E827B2142D00948CEC /* MorphologyViewController.m */; };
		0438FA0A27B2142E00948CEC /* MaxCut.png in Resources */ = {isa = PBXBuildFile; fileRef = 0438F9EC27B2142D00948CEC /* MaxCut.png */; };
		0438FA0B27B2142E00948CEC /* MaxCutViewController.m in Sources */ = {isa = PBXBuildFile; fileRef = 0438F9EE27B2142D00948CEC /* MaxCutViewController.m */; };
		0438FA0C27B2142E00948CEC /* Repair.jpg in Resources */ = {isa = PBXBuildFile; fileRef = 0438F9F227B2142D00948CEC /* Repair.jpg */; };
		0438FA0D27B2142E00948CEC /* RepairViewController.m in Sources */ = {isa = PBXBuildFile; fileRef = 0438F9F527B2142D00948CEC /* RepairViewController.m */; };
		0438FA0E27B2142E00948CEC /* Sobel.jpeg in Resources */ = {isa = PBXBuildFile; fileRef = 0438F9F827B2142D00948CEC /* Sobel.jpeg */; };
		0438FA0F27B2142E00948CEC /* SobelViewController.m in Sources */ = {isa = PBXBuildFile; fileRef = 0438F9FA27B2142D00948CEC /* SobelViewController.m */; };
		0438FA1327B2162300948CEC /* NSObject+KJGCDBox.m in Sources */ = {isa = PBXBuildFile; fileRef = 0438FA1227B2162300948CEC /* NSObject+KJGCDBox.m */; };
		0438FA1627B2163800948CEC /* UIButton+KJBlock.m in Sources */ = {isa = PBXBuildFile; fileRef = 0438FA1527B2163800948CEC /* UIButton+KJBlock.m */; };
		0438FA1927B2165A00948CEC /* UIView+KJGestureBlock.m in Sources */ = {isa = PBXBuildFile; fileRef = 0438FA1727B2165A00948CEC /* UIView+KJGestureBlock.m */; };
		0438FA1C27B2166800948CEC /* UIView+KJFrame.m in Sources */ = {isa = PBXBuildFile; fileRef = 0438FA1A27B2166800948CEC /* UIView+KJFrame.m */; };
		0438FA1F27B2175E00948CEC /* UIColor+KJExtension.m in Sources */ = {isa = PBXBuildFile; fileRef = 0438FA1E27B2175E00948CEC /* UIColor+KJExtension.m */; };
		0438FA2227B217AB00948CEC /* UIImage+KJCompress.m in Sources */ = {isa = PBXBuildFile; fileRef = 0438FA2027B217AB00948CEC /* UIImage+KJCompress.m */; };
		0438FA2527B2180D00948CEC /* UINavigationItem+KJExtension.m in Sources */ = {isa = PBXBuildFile; fileRef = 0438FA2427B2180D00948CEC /* UINavigationItem+KJExtension.m */; };
		0438FA2827B2183200948CEC /* UIViewController+KJFullScreen.m in Sources */ = {isa = PBXBuildFile; fileRef = 0438FA2627B2183100948CEC /* UIViewController+KJFullScreen.m */; };
		9F9FC9684E1AE091366DA56D /* Pods_OpenCV.framework in Frameworks */ = {isa = PBXBuildFile; fileRef = C1FF5C83F6C31D0FF35477AC /* Pods_OpenCV.framework */; };
/* End PBXBuildFile section */

/* Begin PBXFileReference section */
		04359BD527B1FC0E00CD9C1E /* OpenCV.app */ = {isa = PBXFileReference; explicitFileType = wrapper.application; includeInIndex = 0; path = OpenCV.app; sourceTree = BUILT_PRODUCTS_DIR; };
		04359BD827B1FC0E00CD9C1E /* AppDelegate.h */ = {isa = PBXFileReference; lastKnownFileType = sourcecode.c.h; path = AppDelegate.h; sourceTree = "<group>"; };
		04359BD927B1FC0E00CD9C1E /* AppDelegate.m */ = {isa = PBXFileReference; lastKnownFileType = sourcecode.c.objc; path = AppDelegate.m; sourceTree = "<group>"; };
		04359BDE27B1FC0E00CD9C1E /* ATViewController.h */ = {isa = PBXFileReference; lastKnownFileType = sourcecode.c.h; path = ATViewController.h; sourceTree = "<group>"; };
		04359BDF27B1FC0E00CD9C1E /* ATViewController.m */ = {isa = PBXFileReference; lastKnownFileType = sourcecode.c.objc; path = ATViewController.m; sourceTree = "<group>"; };
		04359BE227B1FC0E00CD9C1E /* Base */ = {isa = PBXFileReference; lastKnownFileType = file.storyboard; name = Base; path = Base.lproj/Main.storyboard; sourceTree = "<group>"; };
		04359BE427B1FC0F00CD9C1E /* Assets.xcassets */ = {isa = PBXFileReference; lastKnownFileType = folder.assetcatalog; path = Assets.xcassets; sourceTree = "<group>"; };
		04359BE727B1FC0F00CD9C1E /* Base */ = {isa = PBXFileReference; lastKnownFileType = file.storyboard; name = Base; path = Base.lproj/LaunchScreen.storyboard; sourceTree = "<group>"; };
		04359BE927B1FC0F00CD9C1E /* Info.plist */ = {isa = PBXFileReference; lastKnownFileType = text.plist.xml; path = Info.plist; sourceTree = "<group>"; };
		04359BEA27B1FC0F00CD9C1E /* main.m */ = {isa = PBXFileReference; lastKnownFileType = sourcecode.c.objc; path = main.m; sourceTree = "<group>"; };
		0438F9BC27B2138A00948CEC /* BaseViewController.h */ = {isa = PBXFileReference; fileEncoding = 4; lastKnownFileType = sourcecode.c.h; path = BaseViewController.h; sourceTree = "<group>"; };
		0438F9BD27B2138A00948CEC /* BaseViewController.m */ = {isa = PBXFileReference; fileEncoding = 4; lastKnownFileType = sourcecode.c.objc; path = BaseViewController.m; sourceTree = "<group>"; };
		0438F9C127B2142D00948CEC /* WarpPerspectiveViewController.h */ = {isa = PBXFileReference; fileEncoding = 4; lastKnownFileType = sourcecode.c.h; path = WarpPerspectiveViewController.h; sourceTree = "<group>"; };
		0438F9C227B2142D00948CEC /* WarpPerspectiveViewController.m */ = {isa = PBXFileReference; fileEncoding = 4; lastKnownFileType = sourcecode.c.objc; path = WarpPerspectiveViewController.m; sourceTree = "<group>"; };
		0438F9C427B2142D00948CEC /* TiledViewController.h */ = {isa = PBXFileReference; fileEncoding = 4; lastKnownFileType = sourcecode.c.h; path = TiledViewController.h; sourceTree = "<group>"; };
		0438F9C527B2142D00948CEC /* TiledViewController.m */ = {isa = PBXFileReference; fileEncoding = 4; lastKnownFileType = sourcecode.c.objc; path = TiledViewController.m; sourceTree = "<group>"; };
		0438F9C827B2142D00948CEC /* Inpaint.jpg */ = {isa = PBXFileReference; lastKnownFileType = image.jpeg; path = Inpaint.jpg; sourceTree = "<group>"; };
		0438F9CA27B2142D00948CEC /* InpaintViewController.h */ = {isa = PBXFileReference; fileEncoding = 4; lastKnownFileType = sourcecode.c.h; path = InpaintViewController.h; sourceTree = "<group>"; };
		0438F9CB27B2142D00948CEC /* InpaintViewController.m */ = {isa = PBXFileReference; fileEncoding = 4; lastKnownFileType = sourcecode.c.objc; path = InpaintViewController.m; sourceTree = "<group>"; };
		0438F9CD27B2142D00948CEC /* ChangeColorViewController.h */ = {isa = PBXFileReference; fileEncoding = 4; lastKnownFileType = sourcecode.c.h; path = ChangeColorViewController.h; sourceTree = "<group>"; };
		0438F9CE27B2142D00948CEC /* ChangeColorViewController.m */ = {isa = PBXFileReference; fileEncoding = 4; lastKnownFileType = sourcecode.c.objc; path = ChangeColorViewController.m; sourceTree = "<group>"; };
		0438F9D127B2142D00948CEC /* ImageBlend.png */ = {isa = PBXFileReference; lastKnownFileType = image.png; path = ImageBlend.png; sourceTree = "<group>"; };
		0438F9D327B2142D00948CEC /* ImageBlendViewController.h */ = {isa = PBXFileReference; fileEncoding = 4; lastKnownFileType = sourcecode.c.h; path = ImageBlendViewController.h; sourceTree = "<group>"; };
		0438F9D427B2142D00948CEC /* ImageBlendViewController.m */ = {isa = PBXFileReference; fileEncoding = 4; lastKnownFileType = sourcecode.c.objc; path = ImageBlendViewController.m; sourceTree = "<group>"; };
		0438F9D727B2142D00948CEC /* Hough.png */ = {isa = PBXFileReference; lastKnownFileType = image.png; path = Hough.png; sourceTree = "<group>"; };
		0438F9D927B2142D00948CEC /* HoughViewController.h */ = {isa = PBXFileReference; fileEncoding = 4; lastKnownFileType = sourcecode.c.h; path = HoughViewController.h; sourceTree = "<group>"; };
		0438F9DA27B2142D00948CEC /* HoughViewController.m */ = {isa = PBXFileReference; fileEncoding = 4; lastKnownFileType = sourcecode.c.objc; path = HoughViewController.m; sourceTree = "<group>"; };
		0438F9DD27B2142D00948CEC /* Blur.jpg */ = {isa = PBXFileReference; lastKnownFileType = image.jpeg; path = Blur.jpg; sourceTree = "<group>"; };
		0438F9DF27B2142D00948CEC /* BlurViewController.h */ = {isa = PBXFileReference; fileEncoding = 4; lastKnownFileType = sourcecode.c.h; path = BlurViewController.h; sourceTree = "<group>"; };
		0438F9E027B2142D00948CEC /* BlurViewController.m */ = {isa = PBXFileReference; fileEncoding = 4; lastKnownFileType = sourcecode.c.objc; path = BlurViewController.m; sourceTree = "<group>"; };
		0438F9E227B2142D00948CEC /* LuminanceViewController.h */ = {isa = PBXFileReference; fileEncoding = 4; lastKnownFileType = sourcecode.c.h; path = LuminanceViewController.h; sourceTree = "<group>"; };
		0438F9E327B2142D00948CEC /* LuminanceViewController.m */ = {isa = PBXFileReference; fileEncoding = 4; lastKnownFileType = sourcecode.c.objc; path = LuminanceViewController.m; sourceTree = "<group>"; };
		0438F9E627B2142D00948CEC /* Morphology.png */ = {isa = PBXFileReference; lastKnownFileType = image.png; path = Morphology.png; sourceTree = "<group>"; };
		0438F9E827B2142D00948CEC /* MorphologyViewController.m */ = {isa = PBXFileReference; fileEncoding = 4; lastKnownFileType = sourcecode.c.objc; path = MorphologyViewController.m; sourceTree = "<group>"; };
		0438F9E927B2142D00948CEC /* MorphologyViewController.h */ = {isa = PBXFileReference; fileEncoding = 4; lastKnownFileType = sourcecode.c.h; path = MorphologyViewController.h; sourceTree = "<group>"; };
		0438F9EC27B2142D00948CEC /* MaxCut.png */ = {isa = PBXFileReference; lastKnownFileType = image.png; path = MaxCut.png; sourceTree = "<group>"; };
		0438F9EE27B2142D00948CEC /* MaxCutViewController.m */ = {isa = PBXFileReference; fileEncoding = 4; lastKnownFileType = sourcecode.c.objc; path = MaxCutViewController.m; sourceTree = "<group>"; };
		0438F9EF27B2142D00948CEC /* MaxCutViewController.h */ = {isa = PBXFileReference; fileEncoding = 4; lastKnownFileType = sourcecode.c.h; path = MaxCutViewController.h; sourceTree = "<group>"; };
		0438F9F227B2142D00948CEC /* Repair.jpg */ = {isa = PBXFileReference; lastKnownFileType = image.jpeg; path = Repair.jpg; sourceTree = "<group>"; };
		0438F9F427B2142D00948CEC /* RepairViewController.h */ = {isa = PBXFileReference; fileEncoding = 4; lastKnownFileType = sourcecode.c.h; path = RepairViewController.h; sourceTree = "<group>"; };
		0438F9F527B2142D00948CEC /* RepairViewController.m */ = {isa = PBXFileReference; fileEncoding = 4; lastKnownFileType = sourcecode.c.objc; path = RepairViewController.m; sourceTree = "<group>"; };
		0438F9F827B2142D00948CEC /* Sobel.jpeg */ = {isa = PBXFileReference; lastKnownFileType = image.jpeg; path = Sobel.jpeg; sourceTree = "<group>"; };
		0438F9FA27B2142D00948CEC /* SobelViewController.m */ = {isa = PBXFileReference; fileEncoding = 4; lastKnownFileType = sourcecode.c.objc; path = SobelViewController.m; sourceTree = "<group>"; };
		0438F9FB27B2142D00948CEC /* SobelViewController.h */ = {isa = PBXFileReference; fileEncoding = 4; lastKnownFileType = sourcecode.c.h; path = SobelViewController.h; sourceTree = "<group>"; };
		0438FA1127B2162300948CEC /* NSObject+KJGCDBox.h */ = {isa = PBXFileReference; fileEncoding = 4; lastKnownFileType = sourcecode.c.h; path = "NSObject+KJGCDBox.h"; sourceTree = "<group>"; };
		0438FA1227B2162300948CEC /* NSObject+KJGCDBox.m */ = {isa = PBXFileReference; fileEncoding = 4; lastKnownFileType = sourcecode.c.objc; path = "NSObject+KJGCDBox.m"; sourceTree = "<group>"; };
		0438FA1427B2163800948CEC /* UIButton+KJBlock.h */ = {isa = PBXFileReference; fileEncoding = 4; lastKnownFileType = sourcecode.c.h; path = "UIButton+KJBlock.h"; sourceTree = "<group>"; };
		0438FA1527B2163800948CEC /* UIButton+KJBlock.m */ = {isa = PBXFileReference; fileEncoding = 4; lastKnownFileType = sourcecode.c.objc; path = "UIButton+KJBlock.m"; sourceTree = "<group>"; };
		0438FA1727B2165A00948CEC /* UIView+KJGestureBlock.m */ = {isa = PBXFileReference; fileEncoding = 4; lastKnownFileType = sourcecode.c.objc; path = "UIView+KJGestureBlock.m"; sourceTree = "<group>"; };
		0438FA1827B2165A00948CEC /* UIView+KJGestureBlock.h */ = {isa = PBXFileReference; fileEncoding = 4; lastKnownFileType = sourcecode.c.h; path = "UIView+KJGestureBlock.h"; sourceTree = "<group>"; };
		0438FA1A27B2166800948CEC /* UIView+KJFrame.m */ = {isa = PBXFileReference; fileEncoding = 4; lastKnownFileType = sourcecode.c.objc; path = "UIView+KJFrame.m"; sourceTree = "<group>"; };
		0438FA1B27B2166800948CEC /* UIView+KJFrame.h */ = {isa = PBXFileReference; fileEncoding = 4; lastKnownFileType = sourcecode.c.h; path = "UIView+KJFrame.h"; sourceTree = "<group>"; };
		0438FA1D27B2175E00948CEC /* UIColor+KJExtension.h */ = {isa = PBXFileReference; fileEncoding = 4; lastKnownFileType = sourcecode.c.h; path = "UIColor+KJExtension.h"; sourceTree = "<group>"; };
		0438FA1E27B2175E00948CEC /* UIColor+KJExtension.m */ = {isa = PBXFileReference; fileEncoding = 4; lastKnownFileType = sourcecode.c.objc; path = "UIColor+KJExtension.m"; sourceTree = "<group>"; };
		0438FA2027B217AB00948CEC /* UIImage+KJCompress.m */ = {isa = PBXFileReference; fileEncoding = 4; lastKnownFileType = sourcecode.c.objc; path = "UIImage+KJCompress.m"; sourceTree = "<group>"; };
		0438FA2127B217AB00948CEC /* UIImage+KJCompress.h */ = {isa = PBXFileReference; fileEncoding = 4; lastKnownFileType = sourcecode.c.h; path = "UIImage+KJCompress.h"; sourceTree = "<group>"; };
		0438FA2327B2180C00948CEC /* UINavigationItem+KJExtension.h */ = {isa = PBXFileReference; fileEncoding = 4; lastKnownFileType = sourcecode.c.h; path = "UINavigationItem+KJExtension.h"; sourceTree = "<group>"; };
		0438FA2427B2180D00948CEC /* UINavigationItem+KJExtension.m */ = {isa = PBXFileReference; fileEncoding = 4; lastKnownFileType = sourcecode.c.objc; path = "UINavigationItem+KJExtension.m"; sourceTree = "<group>"; };
		0438FA2627B2183100948CEC /* UIViewController+KJFullScreen.m */ = {isa = PBXFileReference; fileEncoding = 4; lastKnownFileType = sourcecode.c.objc; path = "UIViewController+KJFullScreen.m"; sourceTree = "<group>"; };
		0438FA2727B2183200948CEC /* UIViewController+KJFullScreen.h */ = {isa = PBXFileReference; fileEncoding = 4; lastKnownFileType = sourcecode.c.h; path = "UIViewController+KJFullScreen.h"; sourceTree = "<group>"; };
		3DC685008CDFEF4B445D1E78 /* Pods-OpenCV.release.xcconfig */ = {isa = PBXFileReference; includeInIndex = 1; lastKnownFileType = text.xcconfig; name = "Pods-OpenCV.release.xcconfig"; path = "Target Support Files/Pods-OpenCV/Pods-OpenCV.release.xcconfig"; sourceTree = "<group>"; };
		C1FF5C83F6C31D0FF35477AC /* Pods_OpenCV.framework */ = {isa = PBXFileReference; explicitFileType = wrapper.framework; includeInIndex = 0; path = Pods_OpenCV.framework; sourceTree = BUILT_PRODUCTS_DIR; };
		DBC4D296E736DE1A61173DEE /* Pods-OpenCV.debug.xcconfig */ = {isa = PBXFileReference; includeInIndex = 1; lastKnownFileType = text.xcconfig; name = "Pods-OpenCV.debug.xcconfig"; path = "Target Support Files/Pods-OpenCV/Pods-OpenCV.debug.xcconfig"; sourceTree = "<group>"; };
/* End PBXFileReference section */

/* Begin PBXFrameworksBuildPhase section */
		04359BD227B1FC0E00CD9C1E /* Frameworks */ = {
			isa = PBXFrameworksBuildPhase;
			buildActionMask = 2147483647;
			files = (
				9F9FC9684E1AE091366DA56D /* Pods_OpenCV.framework in Frameworks */,
			);
			runOnlyForDeploymentPostprocessing = 0;
		};
/* End PBXFrameworksBuildPhase section */

/* Begin PBXGroup section */
		04359BCC27B1FC0E00CD9C1E = {
			isa = PBXGroup;
			children = (
				04359BD727B1FC0E00CD9C1E /* OpenCV */,
				04359BD627B1FC0E00CD9C1E /* Products */,
				6EBB90491117207B2F4F6548 /* Pods */,
				8737E5D111DE98A716F7029C /* Frameworks */,
			);
			sourceTree = "<group>";
		};
		04359BD627B1FC0E00CD9C1E /* Products */ = {
			isa = PBXGroup;
			children = (
				04359BD527B1FC0E00CD9C1E /* OpenCV.app */,
			);
			name = Products;
			sourceTree = "<group>";
		};
		04359BD727B1FC0E00CD9C1E /* OpenCV */ = {
			isa = PBXGroup;
			children = (
				04359BD827B1FC0E00CD9C1E /* AppDelegate.h */,
				04359BD927B1FC0E00CD9C1E /* AppDelegate.m */,
				04359BDE27B1FC0E00CD9C1E /* ATViewController.h */,
				04359BDF27B1FC0E00CD9C1E /* ATViewController.m */,
				0438F9BC27B2138A00948CEC /* BaseViewController.h */,
				0438F9BD27B2138A00948CEC /* BaseViewController.m */,
				0438F9BF27B2142D00948CEC /* Demo */,
				0438FA1027B215FE00948CEC /* Extension */,
				04359BF127B205F200CD9C1E /* Resource */,
			);
			path = OpenCV;
			sourceTree = "<group>";
		};
		04359BF127B205F200CD9C1E /* Resource */ = {
			isa = PBXGroup;
			children = (
				04359BE127B1FC0E00CD9C1E /* Main.storyboard */,
				04359BE427B1FC0F00CD9C1E /* Assets.xcassets */,
				04359BE627B1FC0F00CD9C1E /* LaunchScreen.storyboard */,
				04359BE927B1FC0F00CD9C1E /* Info.plist */,
				04359BEA27B1FC0F00CD9C1E /* main.m */,
			);
			path = Resource;
			sourceTree = "<group>";
		};
		0438F9BF27B2142D00948CEC /* Demo */ = {
			isa = PBXGroup;
			children = (
				0438F9C027B2142D00948CEC /* WarpPerspective */,
				0438F9C327B2142D00948CEC /* Tiled */,
				0438F9C627B2142D00948CEC /* Inpaint */,
				0438F9CC27B2142D00948CEC /* ChangeColor */,
				0438F9CF27B2142D00948CEC /* Blend */,
				0438F9D527B2142D00948CEC /* Hough */,
				0438F9DB27B2142D00948CEC /* Blur */,
				0438F9E127B2142D00948CEC /* Luminance */,
				0438F9E427B2142D00948CEC /* Morphology */,
				0438F9EA27B2142D00948CEC /* MaxCut */,
				0438F9F027B2142D00948CEC /* Repair */,
				0438F9F627B2142D00948CEC /* Sobel */,
			);
			path = Demo;
			sourceTree = "<group>";
		};
		0438F9C027B2142D00948CEC /* WarpPerspective */ = {
			isa = PBXGroup;
			children = (
				0438F9C127B2142D00948CEC /* WarpPerspectiveViewController.h */,
				0438F9C227B2142D00948CEC /* WarpPerspectiveViewController.m */,
			);
			path = WarpPerspective;
			sourceTree = "<group>";
		};
		0438F9C327B2142D00948CEC /* Tiled */ = {
			isa = PBXGroup;
			children = (
				0438F9C427B2142D00948CEC /* TiledViewController.h */,
				0438F9C527B2142D00948CEC /* TiledViewController.m */,
			);
			path = Tiled;
			sourceTree = "<group>";
		};
		0438F9C627B2142D00948CEC /* Inpaint */ = {
			isa = PBXGroup;
			children = (
				0438F9C927B2142D00948CEC /* Controller */,
				0438F9C727B2142D00948CEC /* Resources */,
			);
			path = Inpaint;
			sourceTree = "<group>";
		};
		0438F9C727B2142D00948CEC /* Resources */ = {
			isa = PBXGroup;
			children = (
				0438F9C827B2142D00948CEC /* Inpaint.jpg */,
			);
			path = Resources;
			sourceTree = "<group>";
		};
		0438F9C927B2142D00948CEC /* Controller */ = {
			isa = PBXGroup;
			children = (
				0438F9CA27B2142D00948CEC /* InpaintViewController.h */,
				0438F9CB27B2142D00948CEC /* InpaintViewController.m */,
			);
			path = Controller;
			sourceTree = "<group>";
		};
		0438F9CC27B2142D00948CEC /* ChangeColor */ = {
			isa = PBXGroup;
			children = (
				0438F9CD27B2142D00948CEC /* ChangeColorViewController.h */,
				0438F9CE27B2142D00948CEC /* ChangeColorViewController.m */,
			);
			path = ChangeColor;
			sourceTree = "<group>";
		};
		0438F9CF27B2142D00948CEC /* Blend */ = {
			isa = PBXGroup;
			children = (
				0438F9D227B2142D00948CEC /* Controller */,
				0438F9D027B2142D00948CEC /* Resources */,
			);
			path = Blend;
			sourceTree = "<group>";
		};
		0438F9D027B2142D00948CEC /* Resources */ = {
			isa = PBXGroup;
			children = (
				0438F9D127B2142D00948CEC /* ImageBlend.png */,
			);
			path = Resources;
			sourceTree = "<group>";
		};
		0438F9D227B2142D00948CEC /* Controller */ = {
			isa = PBXGroup;
			children = (
				0438F9D327B2142D00948CEC /* ImageBlendViewController.h */,
				0438F9D427B2142D00948CEC /* ImageBlendViewController.m */,
			);
			path = Controller;
			sourceTree = "<group>";
		};
		0438F9D527B2142D00948CEC /* Hough */ = {
			isa = PBXGroup;
			children = (
				0438F9D827B2142D00948CEC /* Controller */,
				0438F9D627B2142D00948CEC /* Resources */,
			);
			path = Hough;
			sourceTree = "<group>";
		};
		0438F9D627B2142D00948CEC /* Resources */ = {
			isa = PBXGroup;
			children = (
				0438F9D727B2142D00948CEC /* Hough.png */,
			);
			path = Resources;
			sourceTree = "<group>";
		};
		0438F9D827B2142D00948CEC /* Controller */ = {
			isa = PBXGroup;
			children = (
				0438F9D927B2142D00948CEC /* HoughViewController.h */,
				0438F9DA27B2142D00948CEC /* HoughViewController.m */,
			);
			path = Controller;
			sourceTree = "<group>";
		};
		0438F9DB27B2142D00948CEC /* Blur */ = {
			isa = PBXGroup;
			children = (
				0438F9DE27B2142D00948CEC /* Controller */,
				0438F9DC27B2142D00948CEC /* Resources */,
			);
			path = Blur;
			sourceTree = "<group>";
		};
		0438F9DC27B2142D00948CEC /* Resources */ = {
			isa = PBXGroup;
			children = (
				0438F9DD27B2142D00948CEC /* Blur.jpg */,
			);
			path = Resources;
			sourceTree = "<group>";
		};
		0438F9DE27B2142D00948CEC /* Controller */ = {
			isa = PBXGroup;
			children = (
				0438F9DF27B2142D00948CEC /* BlurViewController.h */,
				0438F9E027B2142D00948CEC /* BlurViewController.m */,
			);
			path = Controller;
			sourceTree = "<group>";
		};
		0438F9E127B2142D00948CEC /* Luminance */ = {
			isa = PBXGroup;
			children = (
				0438F9E227B2142D00948CEC /* LuminanceViewController.h */,
				0438F9E327B2142D00948CEC /* LuminanceViewController.m */,
			);
			path = Luminance;
			sourceTree = "<group>";
		};
		0438F9E427B2142D00948CEC /* Morphology */ = {
			isa = PBXGroup;
			children = (
				0438F9E727B2142D00948CEC /* Controller */,
				0438F9E527B2142D00948CEC /* Resources */,
			);
			path = Morphology;
			sourceTree = "<group>";
		};
		0438F9E527B2142D00948CEC /* Resources */ = {
			isa = PBXGroup;
			children = (
				0438F9E627B2142D00948CEC /* Morphology.png */,
			);
			path = Resources;
			sourceTree = "<group>";
		};
		0438F9E727B2142D00948CEC /* Controller */ = {
			isa = PBXGroup;
			children = (
				0438F9E927B2142D00948CEC /* MorphologyViewController.h */,
				0438F9E827B2142D00948CEC /* MorphologyViewController.m */,
			);
			path = Controller;
			sourceTree = "<group>";
		};
		0438F9EA27B2142D00948CEC /* MaxCut */ = {
			isa = PBXGroup;
			children = (
				0438F9ED27B2142D00948CEC /* Controller */,
				0438F9EB27B2142D00948CEC /* Resources */,
			);
			path = MaxCut;
			sourceTree = "<group>";
		};
		0438F9EB27B2142D00948CEC /* Resources */ = {
			isa = PBXGroup;
			children = (
				0438F9EC27B2142D00948CEC /* MaxCut.png */,
			);
			path = Resources;
			sourceTree = "<group>";
		};
		0438F9ED27B2142D00948CEC /* Controller */ = {
			isa = PBXGroup;
			children = (
				0438F9EF27B2142D00948CEC /* MaxCutViewController.h */,
				0438F9EE27B2142D00948CEC /* MaxCutViewController.m */,
			);
			path = Controller;
			sourceTree = "<group>";
		};
		0438F9F027B2142D00948CEC /* Repair */ = {
			isa = PBXGroup;
			children = (
				0438F9F327B2142D00948CEC /* Controller */,
				0438F9F127B2142D00948CEC /* Resources */,
			);
			path = Repair;
			sourceTree = "<group>";
		};
		0438F9F127B2142D00948CEC /* Resources */ = {
			isa = PBXGroup;
			children = (
				0438F9F227B2142D00948CEC /* Repair.jpg */,
			);
			path = Resources;
			sourceTree = "<group>";
		};
		0438F9F327B2142D00948CEC /* Controller */ = {
			isa = PBXGroup;
			children = (
				0438F9F427B2142D00948CEC /* RepairViewController.h */,
				0438F9F527B2142D00948CEC /* RepairViewController.m */,
			);
			path = Controller;
			sourceTree = "<group>";
		};
		0438F9F627B2142D00948CEC /* Sobel */ = {
			isa = PBXGroup;
			children = (
				0438F9F927B2142D00948CEC /* Controller */,
				0438F9F727B2142D00948CEC /* Resources */,
			);
			path = Sobel;
			sourceTree = "<group>";
		};
		0438F9F727B2142D00948CEC /* Resources */ = {
			isa = PBXGroup;
			children = (
				0438F9F827B2142D00948CEC /* Sobel.jpeg */,
			);
			path = Resources;
			sourceTree = "<group>";
		};
		0438F9F927B2142D00948CEC /* Controller */ = {
			isa = PBXGroup;
			children = (
				0438F9FB27B2142D00948CEC /* SobelViewController.h */,
				0438F9FA27B2142D00948CEC /* SobelViewController.m */,
			);
			path = Controller;
			sourceTree = "<group>";
		};
		0438FA1027B215FE00948CEC /* Extension */ = {
			isa = PBXGroup;
			children = (
				0438FA1127B2162300948CEC /* NSObject+KJGCDBox.h */,
				0438FA1227B2162300948CEC /* NSObject+KJGCDBox.m */,
				0438FA1427B2163800948CEC /* UIButton+KJBlock.h */,
				0438FA1527B2163800948CEC /* UIButton+KJBlock.m */,
				0438FA1D27B2175E00948CEC /* UIColor+KJExtension.h */,
				0438FA1E27B2175E00948CEC /* UIColor+KJExtension.m */,
				0438FA2127B217AB00948CEC /* UIImage+KJCompress.h */,
				0438FA2027B217AB00948CEC /* UIImage+KJCompress.m */,
				0438FA2327B2180C00948CEC /* UINavigationItem+KJExtension.h */,
				0438FA2427B2180D00948CEC /* UINavigationItem+KJExtension.m */,
				0438FA1B27B2166800948CEC /* UIView+KJFrame.h */,
				0438FA1A27B2166800948CEC /* UIView+KJFrame.m */,
				0438FA1827B2165A00948CEC /* UIView+KJGestureBlock.h */,
				0438FA1727B2165A00948CEC /* UIView+KJGestureBlock.m */,
				0438FA2727B2183200948CEC /* UIViewController+KJFullScreen.h */,
				0438FA2627B2183100948CEC /* UIViewController+KJFullScreen.m */,
			);
			path = Extension;
			sourceTree = "<group>";
		};
		6EBB90491117207B2F4F6548 /* Pods */ = {
			isa = PBXGroup;
			children = (
				DBC4D296E736DE1A61173DEE /* Pods-OpenCV.debug.xcconfig */,
				3DC685008CDFEF4B445D1E78 /* Pods-OpenCV.release.xcconfig */,
			);
			path = Pods;
			sourceTree = "<group>";
		};
		8737E5D111DE98A716F7029C /* Frameworks */ = {
			isa = PBXGroup;
			children = (
				C1FF5C83F6C31D0FF35477AC /* Pods_OpenCV.framework */,
			);
			name = Frameworks;
			sourceTree = "<group>";
		};
/* End PBXGroup section */

/* Begin PBXNativeTarget section */
		04359BD427B1FC0E00CD9C1E /* OpenCV */ = {
			isa = PBXNativeTarget;
			buildConfigurationList = 04359BEE27B1FC0F00CD9C1E /* Build configuration list for PBXNativeTarget "OpenCV" */;
			buildPhases = (
				0D434A200D56E2062666686C /* [CP] Check Pods Manifest.lock */,
				04359BD127B1FC0E00CD9C1E /* Sources */,
				04359BD227B1FC0E00CD9C1E /* Frameworks */,
				04359BD327B1FC0E00CD9C1E /* Resources */,
				5CE72213541610405C443931 /* [CP] Embed Pods Frameworks */,
			);
			buildRules = (
			);
			dependencies = (
			);
			name = OpenCV;
			productName = OpenCV;
			productReference = 04359BD527B1FC0E00CD9C1E /* OpenCV.app */;
			productType = "com.apple.product-type.application";
		};
/* End PBXNativeTarget section */

/* Begin PBXProject section */
		04359BCD27B1FC0E00CD9C1E /* Project object */ = {
			isa = PBXProject;
			attributes = {
				BuildIndependentTargetsInParallel = 1;
				LastUpgradeCheck = 1320;
				TargetAttributes = {
					04359BD427B1FC0E00CD9C1E = {
						CreatedOnToolsVersion = 13.2.1;
					};
				};
			};
			buildConfigurationList = 04359BD027B1FC0E00CD9C1E /* Build configuration list for PBXProject "OpenCV" */;
			compatibilityVersion = "Xcode 13.0";
			developmentRegion = en;
			hasScannedForEncodings = 0;
			knownRegions = (
				en,
				Base,
			);
			mainGroup = 04359BCC27B1FC0E00CD9C1E;
			productRefGroup = 04359BD627B1FC0E00CD9C1E /* Products */;
			projectDirPath = "";
			projectRoot = "";
			targets = (
				04359BD427B1FC0E00CD9C1E /* OpenCV */,
			);
		};
/* End PBXProject section */

/* Begin PBXResourcesBuildPhase section */
		04359BD327B1FC0E00CD9C1E /* Resources */ = {
			isa = PBXResourcesBuildPhase;
			buildActionMask = 2147483647;
			files = (
				04359BE827B1FC0F00CD9C1E /* LaunchScreen.storyboard in Resources */,
				0438FA0827B2142E00948CEC /* Morphology.png in Resources */,
				0438FA0C27B2142E00948CEC /* Repair.jpg in Resources */,
				0438F9FE27B2142E00948CEC /* Inpaint.jpg in Resources */,
				04359BE527B1FC0F00CD9C1E /* Assets.xcassets in Resources */,
				0438FA0A27B2142E00948CEC /* MaxCut.png in Resources */,
				0438FA0E27B2142E00948CEC /* Sobel.jpeg in Resources */,
				0438FA0127B2142E00948CEC /* ImageBlend.png in Resources */,
				04359BE327B1FC0E00CD9C1E /* Main.storyboard in Resources */,
				0438FA0527B2142E00948CEC /* Blur.jpg in Resources */,
				0438FA0327B2142E00948CEC /* Hough.png in Resources */,
			);
			runOnlyForDeploymentPostprocessing = 0;
		};
/* End PBXResourcesBuildPhase section */

/* Begin PBXShellScriptBuildPhase section */
		0D434A200D56E2062666686C /* [CP] Check Pods Manifest.lock */ = {
			isa = PBXShellScriptBuildPhase;
			buildActionMask = 2147483647;
			files = (
			);
			inputFileListPaths = (
			);
			inputPaths = (
				"${PODS_PODFILE_DIR_PATH}/Podfile.lock",
				"${PODS_ROOT}/Manifest.lock",
			);
			name = "[CP] Check Pods Manifest.lock";
			outputFileListPaths = (
			);
			outputPaths = (
				"$(DERIVED_FILE_DIR)/Pods-OpenCV-checkManifestLockResult.txt",
			);
			runOnlyForDeploymentPostprocessing = 0;
			shellPath = /bin/sh;
			shellScript = "diff \"${PODS_PODFILE_DIR_PATH}/Podfile.lock\" \"${PODS_ROOT}/Manifest.lock\" > /dev/null\nif [ $? != 0 ] ; then\n    # print error to STDERR\n    echo \"error: The sandbox is not in sync with the Podfile.lock. Run 'pod install' or update your CocoaPods installation.\" >&2\n    exit 1\nfi\n# This output is used by Xcode 'outputs' to avoid re-running this script phase.\necho \"SUCCESS\" > \"${SCRIPT_OUTPUT_FILE_0}\"\n";
			showEnvVarsInLog = 0;
		};
		5CE72213541610405C443931 /* [CP] Embed Pods Frameworks */ = {
			isa = PBXShellScriptBuildPhase;
			buildActionMask = 2147483647;
			files = (
			);
			inputFileListPaths = (
				"${PODS_ROOT}/Target Support Files/Pods-OpenCV/Pods-OpenCV-frameworks-${CONFIGURATION}-input-files.xcfilelist",
			);
			name = "[CP] Embed Pods Frameworks";
			outputFileListPaths = (
				"${PODS_ROOT}/Target Support Files/Pods-OpenCV/Pods-OpenCV-frameworks-${CONFIGURATION}-output-files.xcfilelist",
			);
			runOnlyForDeploymentPostprocessing = 0;
			shellPath = /bin/sh;
			shellScript = "\"${PODS_ROOT}/Target Support Files/Pods-OpenCV/Pods-OpenCV-frameworks.sh\"\n";
			showEnvVarsInLog = 0;
		};
/* End PBXShellScriptBuildPhase section */

/* Begin PBXSourcesBuildPhase section */
		04359BD127B1FC0E00CD9C1E /* Sources */ = {
			isa = PBXSourcesBuildPhase;
			buildActionMask = 2147483647;
			files = (
				0438FA2227B217AB00948CEC /* UIImage+KJCompress.m in Sources */,
				04359BE027B1FC0E00CD9C1E /* ATViewController.m in Sources */,
				0438F9FD27B2142E00948CEC /* TiledViewController.m in Sources */,
				0438FA0427B2142E00948CEC /* HoughViewController.m in Sources */,
				0438FA2527B2180D00948CEC /* UINavigationItem+KJExtension.m in Sources */,
				0438FA1C27B2166800948CEC /* UIView+KJFrame.m in Sources */,
				0438FA1F27B2175E00948CEC /* UIColor+KJExtension.m in Sources */,
				0438FA0627B2142E00948CEC /* BlurViewController.m in Sources */,
				0438FA1327B2162300948CEC /* NSObject+KJGCDBox.m in Sources */,
				0438FA0F27B2142E00948CEC /* SobelViewController.m in Sources */,
				0438FA0D27B2142E00948CEC /* RepairViewController.m in Sources */,
				0438FA0227B2142E00948CEC /* ImageBlendViewController.m in Sources */,
				0438FA1627B2163800948CEC /* UIButton+KJBlock.m in Sources */,
				0438FA0027B2142E00948CEC /* ChangeColorViewController.m in Sources */,
				0438F9FF27B2142E00948CEC /* InpaintViewController.m in Sources */,
				0438FA0927B2142E00948CEC /* MorphologyViewController.m in Sources */,
				04359BDA27B1FC0E00CD9C1E /* AppDelegate.m in Sources */,
				0438F9BE27B2138A00948CEC /* BaseViewController.m in Sources */,
				0438FA2827B2183200948CEC /* UIViewController+KJFullScreen.m in Sources */,
				0438FA0B27B2142E00948CEC /* MaxCutViewController.m in Sources */,
				0438F9FC27B2142E00948CEC /* WarpPerspectiveViewController.m in Sources */,
				04359BEB27B1FC0F00CD9C1E /* main.m in Sources */,
				0438FA0727B2142E00948CEC /* LuminanceViewController.m in Sources */,
				0438FA1927B2165A00948CEC /* UIView+KJGestureBlock.m in Sources */,
			);
			runOnlyForDeploymentPostprocessing = 0;
		};
/* End PBXSourcesBuildPhase section */

/* Begin PBXVariantGroup section */
		04359BE127B1FC0E00CD9C1E /* Main.storyboard */ = {
			isa = PBXVariantGroup;
			children = (
				04359BE227B1FC0E00CD9C1E /* Base */,
			);
			name = Main.storyboard;
			sourceTree = "<group>";
		};
		04359BE627B1FC0F00CD9C1E /* LaunchScreen.storyboard */ = {
			isa = PBXVariantGroup;
			children = (
				04359BE727B1FC0F00CD9C1E /* Base */,
			);
			name = LaunchScreen.storyboard;
			sourceTree = "<group>";
		};
/* End PBXVariantGroup section */

/* Begin XCBuildConfiguration section */
		04359BEC27B1FC0F00CD9C1E /* Debug */ = {
			isa = XCBuildConfiguration;
			buildSettings = {
				ALWAYS_SEARCH_USER_PATHS = NO;
				CLANG_ANALYZER_NONNULL = YES;
				CLANG_ANALYZER_NUMBER_OBJECT_CONVERSION = YES_AGGRESSIVE;
				CLANG_CXX_LANGUAGE_STANDARD = "gnu++17";
				CLANG_CXX_LIBRARY = "libc++";
				CLANG_ENABLE_MODULES = YES;
				CLANG_ENABLE_OBJC_ARC = YES;
				CLANG_ENABLE_OBJC_WEAK = YES;
				CLANG_WARN_BLOCK_CAPTURE_AUTORELEASING = YES;
				CLANG_WARN_BOOL_CONVERSION = YES;
				CLANG_WARN_COMMA = YES;
				CLANG_WARN_CONSTANT_CONVERSION = YES;
				CLANG_WARN_DEPRECATED_OBJC_IMPLEMENTATIONS = YES;
				CLANG_WARN_DIRECT_OBJC_ISA_USAGE = YES_ERROR;
				CLANG_WARN_DOCUMENTATION_COMMENTS = YES;
				CLANG_WARN_EMPTY_BODY = YES;
				CLANG_WARN_ENUM_CONVERSION = YES;
				CLANG_WARN_INFINITE_RECURSION = YES;
				CLANG_WARN_INT_CONVERSION = YES;
				CLANG_WARN_NON_LITERAL_NULL_CONVERSION = YES;
				CLANG_WARN_OBJC_IMPLICIT_RETAIN_SELF = YES;
				CLANG_WARN_OBJC_LITERAL_CONVERSION = YES;
				CLANG_WARN_OBJC_ROOT_CLASS = YES_ERROR;
				CLANG_WARN_QUOTED_INCLUDE_IN_FRAMEWORK_HEADER = YES;
				CLANG_WARN_RANGE_LOOP_ANALYSIS = YES;
				CLANG_WARN_STRICT_PROTOTYPES = YES;
				CLANG_WARN_SUSPICIOUS_MOVE = YES;
				CLANG_WARN_UNGUARDED_AVAILABILITY = YES_AGGRESSIVE;
				CLANG_WARN_UNREACHABLE_CODE = YES;
				CLANG_WARN__DUPLICATE_METHOD_MATCH = YES;
				COPY_PHASE_STRIP = NO;
				DEBUG_INFORMATION_FORMAT = dwarf;
				ENABLE_STRICT_OBJC_MSGSEND = YES;
				ENABLE_TESTABILITY = YES;
				GCC_C_LANGUAGE_STANDARD = gnu11;
				GCC_DYNAMIC_NO_PIC = NO;
				GCC_NO_COMMON_BLOCKS = YES;
				GCC_OPTIMIZATION_LEVEL = 0;
				GCC_PREPROCESSOR_DEFINITIONS = (
					"DEBUG=1",
					"$(inherited)",
				);
				GCC_WARN_64_TO_32_BIT_CONVERSION = YES;
				GCC_WARN_ABOUT_RETURN_TYPE = YES_ERROR;
				GCC_WARN_UNDECLARED_SELECTOR = YES;
				GCC_WARN_UNINITIALIZED_AUTOS = YES_AGGRESSIVE;
				GCC_WARN_UNUSED_FUNCTION = YES;
				GCC_WARN_UNUSED_VARIABLE = YES;
				IPHONEOS_DEPLOYMENT_TARGET = 12.0;
				MTL_ENABLE_DEBUG_INFO = INCLUDE_SOURCE;
				MTL_FAST_MATH = YES;
				ONLY_ACTIVE_ARCH = YES;
				SDKROOT = iphoneos;
			};
			name = Debug;
		};
		04359BED27B1FC0F00CD9C1E /* Release */ = {
			isa = XCBuildConfiguration;
			buildSettings = {
				ALWAYS_SEARCH_USER_PATHS = NO;
				CLANG_ANALYZER_NONNULL = YES;
				CLANG_ANALYZER_NUMBER_OBJECT_CONVERSION = YES_AGGRESSIVE;
				CLANG_CXX_LANGUAGE_STANDARD = "gnu++17";
				CLANG_CXX_LIBRARY = "libc++";
				CLANG_ENABLE_MODULES = YES;
				CLANG_ENABLE_OBJC_ARC = YES;
				CLANG_ENABLE_OBJC_WEAK = YES;
				CLANG_WARN_BLOCK_CAPTURE_AUTORELEASING = YES;
				CLANG_WARN_BOOL_CONVERSION = YES;
				CLANG_WARN_COMMA = YES;
				CLANG_WARN_CONSTANT_CONVERSION = YES;
				CLANG_WARN_DEPRECATED_OBJC_IMPLEMENTATIONS = YES;
				CLANG_WARN_DIRECT_OBJC_ISA_USAGE = YES_ERROR;
				CLANG_WARN_DOCUMENTATION_COMMENTS = YES;
				CLANG_WARN_EMPTY_BODY = YES;
				CLANG_WARN_ENUM_CONVERSION = YES;
				CLANG_WARN_INFINITE_RECURSION = YES;
				CLANG_WARN_INT_CONVERSION = YES;
				CLANG_WARN_NON_LITERAL_NULL_CONVERSION = YES;
				CLANG_WARN_OBJC_IMPLICIT_RETAIN_SELF = YES;
				CLANG_WARN_OBJC_LITERAL_CONVERSION = YES;
				CLANG_WARN_OBJC_ROOT_CLASS = YES_ERROR;
				CLANG_WARN_QUOTED_INCLUDE_IN_FRAMEWORK_HEADER = YES;
				CLANG_WARN_RANGE_LOOP_ANALYSIS = YES;
				CLANG_WARN_STRICT_PROTOTYPES = YES;
				CLANG_WARN_SUSPICIOUS_MOVE = YES;
				CLANG_WARN_UNGUARDED_AVAILABILITY = YES_AGGRESSIVE;
				CLANG_WARN_UNREACHABLE_CODE = YES;
				CLANG_WARN__DUPLICATE_METHOD_MATCH = YES;
				COPY_PHASE_STRIP = NO;
				DEBUG_INFORMATION_FORMAT = "dwarf-with-dsym";
				ENABLE_NS_ASSERTIONS = NO;
				ENABLE_STRICT_OBJC_MSGSEND = YES;
				GCC_C_LANGUAGE_STANDARD = gnu11;
				GCC_NO_COMMON_BLOCKS = YES;
				GCC_WARN_64_TO_32_BIT_CONVERSION = YES;
				GCC_WARN_ABOUT_RETURN_TYPE = YES_ERROR;
				GCC_WARN_UNDECLARED_SELECTOR = YES;
				GCC_WARN_UNINITIALIZED_AUTOS = YES_AGGRESSIVE;
				GCC_WARN_UNUSED_FUNCTION = YES;
				GCC_WARN_UNUSED_VARIABLE = YES;
				IPHONEOS_DEPLOYMENT_TARGET = 12.0;
				MTL_ENABLE_DEBUG_INFO = NO;
				MTL_FAST_MATH = YES;
				SDKROOT = iphoneos;
				VALIDATE_PRODUCT = YES;
			};
			name = Release;
		};
		04359BEF27B1FC0F00CD9C1E /* Debug */ = {
			isa = XCBuildConfiguration;
			baseConfigurationReference = DBC4D296E736DE1A61173DEE /* Pods-OpenCV.debug.xcconfig */;
			buildSettings = {
				ASSETCATALOG_COMPILER_APPICON_NAME = AppIcon;
				ASSETCATALOG_COMPILER_GLOBAL_ACCENT_COLOR_NAME = AccentColor;
				CODE_SIGN_IDENTITY = "Apple Development";
				CODE_SIGN_STYLE = Manual;
				CURRENT_PROJECT_VERSION = 1;
				DEVELOPMENT_TEAM = "";
				GENERATE_INFOPLIST_FILE = YES;
				INFOPLIST_FILE = OpenCV/Resource/Info.plist;
				INFOPLIST_KEY_UIApplicationSupportsIndirectInputEvents = YES;
				INFOPLIST_KEY_UILaunchStoryboardName = LaunchScreen;
				INFOPLIST_KEY_UIMainStoryboardFile = Main;
				INFOPLIST_KEY_UISupportedInterfaceOrientations_iPad = "UIInterfaceOrientationPortrait UIInterfaceOrientationPortraitUpsideDown UIInterfaceOrientationLandscapeLeft UIInterfaceOrientationLandscapeRight";
				INFOPLIST_KEY_UISupportedInterfaceOrientations_iPhone = "UIInterfaceOrientationPortrait UIInterfaceOrientationLandscapeLeft UIInterfaceOrientationLandscapeRight";
				IPHONEOS_DEPLOYMENT_TARGET = 12.0;
				LD_RUNPATH_SEARCH_PATHS = (
					"$(inherited)",
					"@executable_path/Frameworks",
				);
				MARKETING_VERSION = 1.0;
				PRODUCT_BUNDLE_IDENTIFIER = Condy.OpenCV;
				PRODUCT_NAME = "$(TARGET_NAME)";
				PROVISIONING_PROFILE_SPECIFIER = "";
				SWIFT_EMIT_LOC_STRINGS = YES;
				TARGETED_DEVICE_FAMILY = "1,2";
			};
			name = Debug;
		};
		04359BF027B1FC0F00CD9C1E /* Release */ = {
			isa = XCBuildConfiguration;
			baseConfigurationReference = 3DC685008CDFEF4B445D1E78 /* Pods-OpenCV.release.xcconfig */;
			buildSettings = {
				ASSETCATALOG_COMPILER_APPICON_NAME = AppIcon;
				ASSETCATALOG_COMPILER_GLOBAL_ACCENT_COLOR_NAME = AccentColor;
				CODE_SIGN_IDENTITY = "Apple Development";
				CODE_SIGN_STYLE = Manual;
				CURRENT_PROJECT_VERSION = 1;
				DEVELOPMENT_TEAM = "";
				GENERATE_INFOPLIST_FILE = YES;
				INFOPLIST_FILE = OpenCV/Resource/Info.plist;
				INFOPLIST_KEY_UIApplicationSupportsIndirectInputEvents = YES;
				INFOPLIST_KEY_UILaunchStoryboardName = LaunchScreen;
				INFOPLIST_KEY_UIMainStoryboardFile = Main;
				INFOPLIST_KEY_UISupportedInterfaceOrientations_iPad = "UIInterfaceOrientationPortrait UIInterfaceOrientationPortraitUpsideDown UIInterfaceOrientationLandscapeLeft UIInterfaceOrientationLandscapeRight";
				INFOPLIST_KEY_UISupportedInterfaceOrientations_iPhone = "UIInterfaceOrientationPortrait UIInterfaceOrientationLandscapeLeft UIInterfaceOrientationLandscapeRight";
				IPHONEOS_DEPLOYMENT_TARGET = 12.0;
				LD_RUNPATH_SEARCH_PATHS = (
					"$(inherited)",
					"@executable_path/Frameworks",
				);
				MARKETING_VERSION = 1.0;
				PRODUCT_BUNDLE_IDENTIFIER = Condy.OpenCV;
				PRODUCT_NAME = "$(TARGET_NAME)";
				PROVISIONING_PROFILE_SPECIFIER = "";
				SWIFT_EMIT_LOC_STRINGS = YES;
				TARGETED_DEVICE_FAMILY = "1,2";
			};
			name = Release;
		};
/* End XCBuildConfiguration section */

/* Begin XCConfigurationList section */
		04359BD027B1FC0E00CD9C1E /* Build configuration list for PBXProject "OpenCV" */ = {
			isa = XCConfigurationList;
			buildConfigurations = (
				04359BEC27B1FC0F00CD9C1E /* Debug */,
				04359BED27B1FC0F00CD9C1E /* Release */,
			);
			defaultConfigurationIsVisible = 0;
			defaultConfigurationName = Release;
		};
		04359BEE27B1FC0F00CD9C1E /* Build configuration list for PBXNativeTarget "OpenCV" */ = {
			isa = XCConfigurationList;
			buildConfigurations = (
				04359BEF27B1FC0F00CD9C1E /* Debug */,
				04359BF027B1FC0F00CD9C1E /* Release */,
			);
			defaultConfigurationIsVisible = 0;
			defaultConfigurationName = Release;
		};
/* End XCConfigurationList section */
	};
	rootObject = 04359BCD27B1FC0E00CD9C1E /* Project object */;
}
