PODS:
  - ATMetalBand (0.0.5):
    - ATMetalBand/Basic (= 0.0.5)
    - ATMetalBand/Compute (= 0.0.5)
  - ATMetalBand/Basic (0.0.5)
  - ATMetalBand/Compute (0.0.5):
    - ATMetalBand/Compute/Blend (= 0.0.5)
    - ATMetalBand/Compute/Blur (= 0.0.5)
    - ATMetalBand/Compute/Effect (= 0.0.5)
    - ATMetalBand/Compute/Filter (= 0.0.5)
    - ATMetalBand/Compute/Lookup (= 0.0.5)
  - ATMetalBand/Compute/Blend (0.0.5):
    - ATMetalBand/Basic
  - ATMetalBand/Compute/Blur (0.0.5):
    - ATMetalBand/Basic
  - ATMetalBand/Compute/Effect (0.0.5):
    - ATMetalBand/Basic
  - ATMetalBand/Compute/Filter (0.0.5):
    - ATMetalBand/Basic
  - ATMetalBand/Compute/Lookup (0.0.5):
    - ATMetalBand/Basic

DEPENDENCIES:
  - ATMetalBand (from `./`)

EXTERNAL SOURCES:
  ATMetalBand:
    :path: "./"

SPEC CHECKSUMS:
  ATMetalBand: caa49de464470512de2f603d16948e81338e2b1f

PODFILE CHECKSUM: 8914b7ee510c9e654228ad885d8c64132e46e605

COCOAPODS: 1.11.2
