PODS:
  - ATMetalBand (0.0.11):
    - ATMetalBand/Basic (= 0.0.11)
    - ATMetalBand/Compute (= 0.0.11)
  - ATMetalBand/Basic (0.0.11)
  - ATMetalBand/Compute (0.0.11):
    - ATMetalBand/Compute/Animation (= 0.0.11)
    - ATMetalBand/Compute/Blend (= 0.0.11)
    - ATMetalBand/Compute/Blur (= 0.0.11)
    - ATMetalBand/Compute/ColorProcess (= 0.0.11)
    - ATMetalBand/Compute/Effect (= 0.0.11)
    - ATMetalBand/Compute/Lookup (= 0.0.11)
    - ATMetalBand/Compute/Shape (= 0.0.11)
  - ATMetalBand/Compute/Animation (0.0.11):
    - ATMetalBand/Basic
  - ATMetalBand/Compute/Blend (0.0.11):
    - ATMetalBand/Basic
  - ATMetalBand/Compute/Blur (0.0.11):
    - ATMetalBand/Basic
  - ATMetalBand/Compute/ColorProcess (0.0.11):
    - ATMetalBand/Basic
  - ATMetalBand/Compute/Effect (0.0.11):
    - ATMetalBand/Basic
  - ATMetalBand/Compute/Lookup (0.0.11):
    - ATMetalBand/Basic
  - ATMetalBand/Compute/Shape (0.0.11):
    - ATMetalBand/Basic

DEPENDENCIES:
  - ATMetalBand (from `./`)

EXTERNAL SOURCES:
  ATMetalBand:
    :path: "./"

SPEC CHECKSUMS:
  ATMetalBand: c9d3df9e67a48a15a980e00ad85b636463b0ae21

PODFILE CHECKSUM: 8914b7ee510c9e654228ad885d8c64132e46e605

COCOAPODS: 1.11.2
