PODS:
  - Harbeth (0.3.0):
    - Harbeth/Basic (= 0.3.0)
    - Harbeth/Compute (= 0.3.0)
    - Harbeth/CoreImage (= 0.3.0)
  - Harbeth/Basic (0.3.0)
  - Harbeth/Compute (0.3.0):
    - Harbeth/Basic
  - Harbeth/CoreImage (0.3.0):
    - Harbeth/Basic

DEPENDENCIES:
  - Harbeth (from `./`)

EXTERNAL SOURCES:
  Harbeth:
    :path: "./"

SPEC CHECKSUMS:
  Harbeth: 568f27f1e60bbf20cbc016fb4874c9011faf36af

PODFILE CHECKSUM: ed93cf903a0ede62bdea6c75490a25e8851c6d93

COCOAPODS: 1.11.3
