PODS:
  - Harbeth (0.5.2):
    - Harbeth/Basic (= 0.5.2)
    - Harbeth/Collector (= 0.5.2)
    - Harbeth/Compute (= 0.5.2)
    - Harbeth/CoreImage (= 0.5.2)
  - Harbeth/Basic (0.5.2)
  - Harbeth/Collector (0.5.2):
    - Harbeth/Basic
  - Harbeth/Compute (0.5.2):
    - Harbeth/Basic
  - Harbeth/CoreImage (0.5.2):
    - Harbeth/Basic

DEPENDENCIES:
  - Harbeth (from `../`)

EXTERNAL SOURCES:
  Harbeth:
    :path: "../"

SPEC CHECKSUMS:
  Harbeth: 914d6ad84eadb3923fb01261b89bfb29934e3d53

PODFILE CHECKSUM: 2f674153fdb5431a7e1a778c734943b335e17bac

COCOAPODS: 1.11.3
