PODS:
  - Harbeth (0.3.9):
    - Harbeth/Basic (= 0.3.9)
    - Harbeth/Compute (= 0.3.9)
    - Harbeth/CoreImage (= 0.3.9)
  - Harbeth/Basic (0.3.9)
  - Harbeth/Compute (0.3.9):
    - Harbeth/Basic
  - Harbeth/CoreImage (0.3.9):
    - Harbeth/Basic

DEPENDENCIES:
  - Harbeth (from `../`)

EXTERNAL SOURCES:
  Harbeth:
    :path: "../"

SPEC CHECKSUMS:
  Harbeth: 00ef56466ac002ba0e371b48658acaa8c2923960

PODFILE CHECKSUM: 2f674153fdb5431a7e1a778c734943b335e17bac

COCOAPODS: 1.11.3
