PODS:
  - Harbeth (0.5.9):
    - Harbeth/Basic (= 0.5.9)
    - Harbeth/Collector (= 0.5.9)
    - Harbeth/Compute (= 0.5.9)
    - Harbeth/CoreImage (= 0.5.9)
  - Harbeth/Basic (0.5.9)
  - Harbeth/Collector (0.5.9):
    - Harbeth/Basic
  - Harbeth/Compute (0.5.9):
    - Harbeth/Basic
  - Harbeth/CoreImage (0.5.9):
    - Harbeth/Basic

DEPENDENCIES:
  - Harbeth (from `../`)

EXTERNAL SOURCES:
  Harbeth:
    :path: "../"

SPEC CHECKSUMS:
  Harbeth: cba742b960c5a0530711de4964808df619ebed6c

PODFILE CHECKSUM: 2f674153fdb5431a7e1a778c734943b335e17bac

COCOAPODS: 1.11.3
