PODS:
  - Harbeth (0.3.5):
    - Harbeth/Basic (= 0.3.5)
    - Harbeth/Compute (= 0.3.5)
    - Harbeth/CoreImage (= 0.3.5)
  - Harbeth/Basic (0.3.5)
  - Harbeth/Compute (0.3.5):
    - Harbeth/Basic
  - Harbeth/CoreImage (0.3.5):
    - Harbeth/Basic

DEPENDENCIES:
  - Harbeth (from `../`)

EXTERNAL SOURCES:
  Harbeth:
    :path: "../"

SPEC CHECKSUMS:
  Harbeth: f586b0f878b831c29a002d557e898473f48368c2

PODFILE CHECKSUM: d12d36446627534e328e614e4f17d4ee2a77152a

COCOAPODS: 1.11.3
