PODS:
  - Masonry (1.1.0)
  - OpencvQueen (0.0.1)

DEPENDENCIES:
  - Masonry
  - OpencvQueen (from `../`)

SPEC REPOS:
  trunk:
    - Masonry

EXTERNAL SOURCES:
  OpencvQueen:
    :path: "../"

SPEC CHECKSUMS:
  Masonry: 678fab65091a9290e40e2832a55e7ab731aad201
  OpencvQueen: b0f781baf40ccf77b5103d4509b5bb525b4055b8

PODFILE CHECKSUM: 24ebd752b3ba02b949534acd5b9d7eea439027e6

COCOAPODS: 1.11.2
